{
    "_meta": {
        "hash": {
            "sha256": "1a161e569873dfb2f81dcdceb284280990f46a02cc9e39394d6eaa7f76c48d97"
        },
        "requires": {},
        "sources": [
            {
                "url": "https://pypi.python.org/simple",
                "verify_ssl": true
            }
        ]
    },
    "default": {
        "beautifulsoup4": {
            "version": "==4.6.0"
        },
        "certifi": {
            "version": "==2017.7.27.1"
        },
        "chardet": {
            "version": "==3.0.4"
        },
        "icalendar": {
            "version": "==3.11.7"
        },
        "idna": {
            "version": "==2.6"
        },
        "python-dateutil": {
            "version": "==2.6.1"
        },
        "pytz": {
            "version": "==2017.2"
        },
        "requests": {
            "version": "==2.18.4"
        },
        "six": {
            "version": "==1.10.0"
        },
        "urllib3": {
            "version": "==1.22"
        }
    },
    "develop": {}
}
